
Microsoft Visual Studio Solution File, Format Version 12.00
# Visual Studio 15
VisualStudioVersion = 15.0.27130.2024
MinimumVisualStudioVersion = 10.0.40219.1
Project("{2150E333-8FDC-42A3-9474-1A3956D46DE8}") = "Common", "Common", "{B5FEFD8F-4BDB-4870-BAAB-7668F18F263D}"
EndProject
Project("{2150E333-8FDC-42A3-9474-1A3956D46DE8}") = "Solution Items", "Solution Items", "{FA6EB4E9-A511-43C3-B4E7-F74C27D02187}"
	ProjectSection(SolutionItems) = preProject
		LICENSE = LICENSE
		README.md = README.md
	EndProjectSection
EndProject
Project("{A07B5EB6-E848-4116-A8D0-A826331D98C6}") = "BookFast", "BookFast\BookFast.sfproj", "{3457D600-9548-4E66-BFFA-318A86A76502}"
EndProject
Project("{9A19103F-16F7-4668-BE54-9A1E7A4F7556}") = "BookFast.Web", "BookFast.Web\BookFast.Web.csproj", "{38010D59-B0BD-4506-B1B3-83D2123A1EF1}"
EndProject
Project("{9A19103F-16F7-4668-BE54-9A1E7A4F7556}") = "BookFast.Web.Contracts", "BookFast.Web.Contracts\BookFast.Web.Contracts.csproj", "{99BA95FA-FB60-4860-83AD-B5B29456C275}"
EndProject
Project("{9A19103F-16F7-4668-BE54-9A1E7A4F7556}") = "BookFast.Web.Proxy", "BookFast.Web.Proxy\BookFast.Web.Proxy.csproj", "{FF600654-3F13-489A-AB34-A9944DAF4941}"
EndProject
Project("{9A19103F-16F7-4668-BE54-9A1E7A4F7556}") = "BookFast.Facility", "BookFast.Facility\BookFast.Facility.csproj", "{A0F51584-5F77-4FDA-8AC9-EBDEDDA32928}"
EndProject
Project("{9A19103F-16F7-4668-BE54-9A1E7A4F7556}") = "BookFast.Facility.Data", "BookFast.Facility.Data\BookFast.Facility.Data.csproj", "{B517DBFB-C4E6-4ADD-8247-60977C81AB07}"
EndProject
Project("{9A19103F-16F7-4668-BE54-9A1E7A4F7556}") = "BookFast.Security", "Common\BookFast.Security\BookFast.Security.csproj", "{10658BFF-0BAD-4C06-B5AF-69C41D773E59}"
EndProject
Project("{9A19103F-16F7-4668-BE54-9A1E7A4F7556}") = "BookFast.Security.AspNetCore", "Common\BookFast.Security.AspNetCore\BookFast.Security.AspNetCore.csproj", "{D556869E-0BD1-456C-9A69-ED7ACF638457}"
EndProject
Project("{9A19103F-16F7-4668-BE54-9A1E7A4F7556}") = "BookFast.ServiceFabric", "Common\BookFast.ServiceFabric\BookFast.ServiceFabric.csproj", "{29928404-BDDE-4E4C-93C6-A426C5D35FB4}"
EndProject
Project("{9A19103F-16F7-4668-BE54-9A1E7A4F7556}") = "BookFast.Swagger", "Common\BookFast.Swagger\BookFast.Swagger.csproj", "{E965AA12-242A-41CB-AD8C-D90E06110F3D}"
EndProject
Project("{9A19103F-16F7-4668-BE54-9A1E7A4F7556}") = "BookFast.Search.Contracts", "BookFast.Search.Contracts\BookFast.Search.Contracts.csproj", "{E22CBBBD-BC13-4BF1-9CB9-5A64A1BE4D56}"
EndProject
Project("{9A19103F-16F7-4668-BE54-9A1E7A4F7556}") = "BookFast.Search.Business", "BookFast.Search.Business\BookFast.Search.Business.csproj", "{2FF4F0A1-730C-4D7B-AC93-116782647031}"
EndProject
Project("{9A19103F-16F7-4668-BE54-9A1E7A4F7556}") = "BookFast.Search.Adapter", "BookFast.Search.Adapter\BookFast.Search.Adapter.csproj", "{BE437B8D-6468-4197-828A-BE57405F3F87}"
EndProject
Project("{9A19103F-16F7-4668-BE54-9A1E7A4F7556}") = "BookFast.Search", "BookFast.Search\BookFast.Search.csproj", "{79EDEC05-1B36-4631-8F2A-92F180957469}"
EndProject
Project("{9A19103F-16F7-4668-BE54-9A1E7A4F7556}") = "BookFast.Search.Indexer", "BookFast.Search.Indexer\BookFast.Search.Indexer.csproj", "{DC9531CC-3B9A-472E-8499-F618E13F2978}"
EndProject
Project("{9A19103F-16F7-4668-BE54-9A1E7A4F7556}") = "BookFast.Booking.Contracts", "BookFast.Booking.Contracts\BookFast.Booking.Contracts.csproj", "{7FB6102E-234C-4C9B-AB3E-3710053776B9}"
EndProject
Project("{9A19103F-16F7-4668-BE54-9A1E7A4F7556}") = "BookFast.Booking.Business", "BookFast.Booking.Business\BookFast.Booking.Business.csproj", "{4464DB22-56B7-4C37-B42E-97314DA6242B}"
EndProject
Project("{9A19103F-16F7-4668-BE54-9A1E7A4F7556}") = "BookFast.Booking.Data", "BookFast.Booking.Data\BookFast.Booking.Data.csproj", "{014B8DF1-AC84-4188-AAF4-3AC94B5665AF}"
EndProject
Project("{9A19103F-16F7-4668-BE54-9A1E7A4F7556}") = "BookFast.Booking", "BookFast.Booking\BookFast.Booking.csproj", "{511A89CD-646D-4C2A-9365-66353E1DFB3F}"
EndProject
Project("{9A19103F-16F7-4668-BE54-9A1E7A4F7556}") = "BookFast.Facility.Client", "BookFast.Facility.Client\BookFast.Facility.Client.csproj", "{802095BD-F3EA-46D1-B22C-6ADD338DCAED}"
EndProject
Project("{9A19103F-16F7-4668-BE54-9A1E7A4F7556}") = "BookFast.Rest", "Common\BookFast.Rest\BookFast.Rest.csproj", "{B25E5363-3345-47FB-80DF-382C8195A912}"
EndProject
Project("{9A19103F-16F7-4668-BE54-9A1E7A4F7556}") = "BookFast.Search.Client", "BookFast.Search.Client\BookFast.Search.Client.csproj", "{0812E3F9-EF02-4A9E-9914-BCEECF80425F}"
EndProject
Project("{9A19103F-16F7-4668-BE54-9A1E7A4F7556}") = "BookFast.Booking.Client", "BookFast.Booking.Client\BookFast.Booking.Client.csproj", "{DE93DD26-A752-4AB2-A903-EE5C374D48B5}"
EndProject
Project("{9A19103F-16F7-4668-BE54-9A1E7A4F7556}") = "BookFast.Files.Contracts", "BookFast.Files.Contracts\BookFast.Files.Contracts.csproj", "{BA58CA5C-62E4-43FF-A756-CA8226F51AD6}"
EndProject
Project("{9A19103F-16F7-4668-BE54-9A1E7A4F7556}") = "BookFast.Files.Business", "BookFast.Files.Business\BookFast.Files.Business.csproj", "{E86A33F2-E079-4F02-B8D9-99F0219AA2EA}"
EndProject
Project("{9A19103F-16F7-4668-BE54-9A1E7A4F7556}") = "BookFast.Files.Data", "BookFast.Files.Data\BookFast.Files.Data.csproj", "{BFEFC944-1E14-452E-A712-FFCF31B4BDF6}"
EndProject
Project("{9A19103F-16F7-4668-BE54-9A1E7A4F7556}") = "BookFast.Files", "BookFast.Files\BookFast.Files.csproj", "{16CCBA5A-4176-4E38-B666-C262C71A887F}"
EndProject
Project("{9A19103F-16F7-4668-BE54-9A1E7A4F7556}") = "BookFast.Files.Client", "BookFast.Files.Client\BookFast.Files.Client.csproj", "{1F8C9B9E-A569-44F5-B2CE-7EE83BE90AD1}"
EndProject
Project("{9A19103F-16F7-4668-BE54-9A1E7A4F7556}") = "BookFast.SeedWork", "Common\BookFast.SeedWork\BookFast.SeedWork.csproj", "{F745AF89-17A7-4828-B47F-BDF3F36FCB82}"
EndProject
Project("{9A19103F-16F7-4668-BE54-9A1E7A4F7556}") = "BookFast.Facility.Domain", "BookFast.Facility.Domain\BookFast.Facility.Domain.csproj", "{1515F702-7F4F-4B8A-B8F8-EFF320F8C1D8}"
EndProject
Project("{9A19103F-16F7-4668-BE54-9A1E7A4F7556}") = "BookFast.Facility.CommandStack", "BookFast.Facility.CommandStack\BookFast.Facility.CommandStack.csproj", "{0066C906-FEFE-41A8-BC72-39779BDA66A1}"
EndProject
Project("{FAE04EC0-301F-11D3-BF4B-00C04F79EFBC}") = "BookFast.Facility.QueryStack", "BookFast.Facility.QueryStack\BookFast.Facility.QueryStack.csproj", "{27943339-2A02-49F0-8AA3-C7B2B32A4B86}"
EndProject
Global
	GlobalSection(SolutionConfigurationPlatforms) = preSolution
		Debug|Any CPU = Debug|Any CPU
		Debug|x64 = Debug|x64
		Release|Any CPU = Release|Any CPU
		Release|x64 = Release|x64
	EndGlobalSection
	GlobalSection(ProjectConfigurationPlatforms) = postSolution
		{3457D600-9548-4E66-BFFA-318A86A76502}.Debug|Any CPU.ActiveCfg = Debug|x64
		{3457D600-9548-4E66-BFFA-318A86A76502}.Debug|x64.ActiveCfg = Debug|x64
		{3457D600-9548-4E66-BFFA-318A86A76502}.Debug|x64.Build.0 = Debug|x64
		{3457D600-9548-4E66-BFFA-318A86A76502}.Debug|x64.Deploy.0 = Debug|x64
		{3457D600-9548-4E66-BFFA-318A86A76502}.Release|Any CPU.ActiveCfg = Release|x64
		{3457D600-9548-4E66-BFFA-318A86A76502}.Release|x64.ActiveCfg = Release|x64
		{3457D600-9548-4E66-BFFA-318A86A76502}.Release|x64.Build.0 = Release|x64
		{3457D600-9548-4E66-BFFA-318A86A76502}.Release|x64.Deploy.0 = Release|x64
		{38010D59-B0BD-4506-B1B3-83D2123A1EF1}.Debug|Any CPU.ActiveCfg = Debug|Any CPU
		{38010D59-B0BD-4506-B1B3-83D2123A1EF1}.Debug|Any CPU.Build.0 = Debug|Any CPU
		{38010D59-B0BD-4506-B1B3-83D2123A1EF1}.Debug|x64.ActiveCfg = Debug|Any CPU
		{38010D59-B0BD-4506-B1B3-83D2123A1EF1}.Debug|x64.Build.0 = Debug|Any CPU
		{38010D59-B0BD-4506-B1B3-83D2123A1EF1}.Release|Any CPU.ActiveCfg = Release|Any CPU
		{38010D59-B0BD-4506-B1B3-83D2123A1EF1}.Release|Any CPU.Build.0 = Release|Any CPU
		{38010D59-B0BD-4506-B1B3-83D2123A1EF1}.Release|x64.ActiveCfg = Release|Any CPU
		{38010D59-B0BD-4506-B1B3-83D2123A1EF1}.Release|x64.Build.0 = Release|Any CPU
		{99BA95FA-FB60-4860-83AD-B5B29456C275}.Debug|Any CPU.ActiveCfg = Debug|Any CPU
		{99BA95FA-FB60-4860-83AD-B5B29456C275}.Debug|Any CPU.Build.0 = Debug|Any CPU
		{99BA95FA-FB60-4860-83AD-B5B29456C275}.Debug|x64.ActiveCfg = Debug|Any CPU
		{99BA95FA-FB60-4860-83AD-B5B29456C275}.Debug|x64.Build.0 = Debug|Any CPU
		{99BA95FA-FB60-4860-83AD-B5B29456C275}.Release|Any CPU.ActiveCfg = Release|Any CPU
		{99BA95FA-FB60-4860-83AD-B5B29456C275}.Release|Any CPU.Build.0 = Release|Any CPU
		{99BA95FA-FB60-4860-83AD-B5B29456C275}.Release|x64.ActiveCfg = Release|Any CPU
		{99BA95FA-FB60-4860-83AD-B5B29456C275}.Release|x64.Build.0 = Release|Any CPU
		{FF600654-3F13-489A-AB34-A9944DAF4941}.Debug|Any CPU.ActiveCfg = Debug|Any CPU
		{FF600654-3F13-489A-AB34-A9944DAF4941}.Debug|Any CPU.Build.0 = Debug|Any CPU
		{FF600654-3F13-489A-AB34-A9944DAF4941}.Debug|x64.ActiveCfg = Debug|Any CPU
		{FF600654-3F13-489A-AB34-A9944DAF4941}.Debug|x64.Build.0 = Debug|Any CPU
		{FF600654-3F13-489A-AB34-A9944DAF4941}.Release|Any CPU.ActiveCfg = Release|Any CPU
		{FF600654-3F13-489A-AB34-A9944DAF4941}.Release|Any CPU.Build.0 = Release|Any CPU
		{FF600654-3F13-489A-AB34-A9944DAF4941}.Release|x64.ActiveCfg = Release|Any CPU
		{FF600654-3F13-489A-AB34-A9944DAF4941}.Release|x64.Build.0 = Release|Any CPU
		{A0F51584-5F77-4FDA-8AC9-EBDEDDA32928}.Debug|Any CPU.ActiveCfg = Debug|Any CPU
		{A0F51584-5F77-4FDA-8AC9-EBDEDDA32928}.Debug|Any CPU.Build.0 = Debug|Any CPU
		{A0F51584-5F77-4FDA-8AC9-EBDEDDA32928}.Debug|x64.ActiveCfg = Debug|Any CPU
		{A0F51584-5F77-4FDA-8AC9-EBDEDDA32928}.Debug|x64.Build.0 = Debug|Any CPU
		{A0F51584-5F77-4FDA-8AC9-EBDEDDA32928}.Release|Any CPU.ActiveCfg = Release|Any CPU
		{A0F51584-5F77-4FDA-8AC9-EBDEDDA32928}.Release|Any CPU.Build.0 = Release|Any CPU
		{A0F51584-5F77-4FDA-8AC9-EBDEDDA32928}.Release|x64.ActiveCfg = Release|Any CPU
		{A0F51584-5F77-4FDA-8AC9-EBDEDDA32928}.Release|x64.Build.0 = Release|Any CPU
		{B517DBFB-C4E6-4ADD-8247-60977C81AB07}.Debug|Any CPU.ActiveCfg = Debug|Any CPU
		{B517DBFB-C4E6-4ADD-8247-60977C81AB07}.Debug|Any CPU.Build.0 = Debug|Any CPU
		{B517DBFB-C4E6-4ADD-8247-60977C81AB07}.Debug|x64.ActiveCfg = Debug|Any CPU
		{B517DBFB-C4E6-4ADD-8247-60977C81AB07}.Debug|x64.Build.0 = Debug|Any CPU
		{B517DBFB-C4E6-4ADD-8247-60977C81AB07}.Release|Any CPU.ActiveCfg = Release|Any CPU
		{B517DBFB-C4E6-4ADD-8247-60977C81AB07}.Release|Any CPU.Build.0 = Release|Any CPU
		{B517DBFB-C4E6-4ADD-8247-60977C81AB07}.Release|x64.ActiveCfg = Release|Any CPU
		{B517DBFB-C4E6-4ADD-8247-60977C81AB07}.Release|x64.Build.0 = Release|Any CPU
		{10658BFF-0BAD-4C06-B5AF-69C41D773E59}.Debug|Any CPU.ActiveCfg = Debug|Any CPU
		{10658BFF-0BAD-4C06-B5AF-69C41D773E59}.Debug|Any CPU.Build.0 = Debug|Any CPU
		{10658BFF-0BAD-4C06-B5AF-69C41D773E59}.Debug|x64.ActiveCfg = Debug|Any CPU
		{10658BFF-0BAD-4C06-B5AF-69C41D773E59}.Debug|x64.Build.0 = Debug|Any CPU
		{10658BFF-0BAD-4C06-B5AF-69C41D773E59}.Release|Any CPU.ActiveCfg = Release|Any CPU
		{10658BFF-0BAD-4C06-B5AF-69C41D773E59}.Release|Any CPU.Build.0 = Release|Any CPU
		{10658BFF-0BAD-4C06-B5AF-69C41D773E59}.Release|x64.ActiveCfg = Release|Any CPU
		{10658BFF-0BAD-4C06-B5AF-69C41D773E59}.Release|x64.Build.0 = Release|Any CPU
		{D556869E-0BD1-456C-9A69-ED7ACF638457}.Debug|Any CPU.ActiveCfg = Debug|Any CPU
		{D556869E-0BD1-456C-9A69-ED7ACF638457}.Debug|Any CPU.Build.0 = Debug|Any CPU
		{D556869E-0BD1-456C-9A69-ED7ACF638457}.Debug|x64.ActiveCfg = Debug|Any CPU
		{D556869E-0BD1-456C-9A69-ED7ACF638457}.Debug|x64.Build.0 = Debug|Any CPU
		{D556869E-0BD1-456C-9A69-ED7ACF638457}.Release|Any CPU.ActiveCfg = Release|Any CPU
		{D556869E-0BD1-456C-9A69-ED7ACF638457}.Release|Any CPU.Build.0 = Release|Any CPU
		{D556869E-0BD1-456C-9A69-ED7ACF638457}.Release|x64.ActiveCfg = Release|Any CPU
		{D556869E-0BD1-456C-9A69-ED7ACF638457}.Release|x64.Build.0 = Release|Any CPU
		{29928404-BDDE-4E4C-93C6-A426C5D35FB4}.Debug|Any CPU.ActiveCfg = Debug|Any CPU
		{29928404-BDDE-4E4C-93C6-A426C5D35FB4}.Debug|Any CPU.Build.0 = Debug|Any CPU
		{29928404-BDDE-4E4C-93C6-A426C5D35FB4}.Debug|x64.ActiveCfg = Debug|Any CPU
		{29928404-BDDE-4E4C-93C6-A426C5D35FB4}.Debug|x64.Build.0 = Debug|Any CPU
		{29928404-BDDE-4E4C-93C6-A426C5D35FB4}.Release|Any CPU.ActiveCfg = Release|Any CPU
		{29928404-BDDE-4E4C-93C6-A426C5D35FB4}.Release|Any CPU.Build.0 = Release|Any CPU
		{29928404-BDDE-4E4C-93C6-A426C5D35FB4}.Release|x64.ActiveCfg = Release|Any CPU
		{29928404-BDDE-4E4C-93C6-A426C5D35FB4}.Release|x64.Build.0 = Release|Any CPU
		{E965AA12-242A-41CB-AD8C-D90E06110F3D}.Debug|Any CPU.ActiveCfg = Debug|Any CPU
		{E965AA12-242A-41CB-AD8C-D90E06110F3D}.Debug|Any CPU.Build.0 = Debug|Any CPU
		{E965AA12-242A-41CB-AD8C-D90E06110F3D}.Debug|x64.ActiveCfg = Debug|Any CPU
		{E965AA12-242A-41CB-AD8C-D90E06110F3D}.Debug|x64.Build.0 = Debug|Any CPU
		{E965AA12-242A-41CB-AD8C-D90E06110F3D}.Release|Any CPU.ActiveCfg = Release|Any CPU
		{E965AA12-242A-41CB-AD8C-D90E06110F3D}.Release|Any CPU.Build.0 = Release|Any CPU
		{E965AA12-242A-41CB-AD8C-D90E06110F3D}.Release|x64.ActiveCfg = Release|Any CPU
		{E965AA12-242A-41CB-AD8C-D90E06110F3D}.Release|x64.Build.0 = Release|Any CPU
		{E22CBBBD-BC13-4BF1-9CB9-5A64A1BE4D56}.Debug|Any CPU.ActiveCfg = Debug|Any CPU
		{E22CBBBD-BC13-4BF1-9CB9-5A64A1BE4D56}.Debug|Any CPU.Build.0 = Debug|Any CPU
		{E22CBBBD-BC13-4BF1-9CB9-5A64A1BE4D56}.Debug|x64.ActiveCfg = Debug|Any CPU
		{E22CBBBD-BC13-4BF1-9CB9-5A64A1BE4D56}.Debug|x64.Build.0 = Debug|Any CPU
		{E22CBBBD-BC13-4BF1-9CB9-5A64A1BE4D56}.Release|Any CPU.ActiveCfg = Release|Any CPU
		{E22CBBBD-BC13-4BF1-9CB9-5A64A1BE4D56}.Release|Any CPU.Build.0 = Release|Any CPU
		{E22CBBBD-BC13-4BF1-9CB9-5A64A1BE4D56}.Release|x64.ActiveCfg = Release|Any CPU
		{E22CBBBD-BC13-4BF1-9CB9-5A64A1BE4D56}.Release|x64.Build.0 = Release|Any CPU
		{2FF4F0A1-730C-4D7B-AC93-116782647031}.Debug|Any CPU.ActiveCfg = Debug|Any CPU
		{2FF4F0A1-730C-4D7B-AC93-116782647031}.Debug|Any CPU.Build.0 = Debug|Any CPU
		{2FF4F0A1-730C-4D7B-AC93-116782647031}.Debug|x64.ActiveCfg = Debug|Any CPU
		{2FF4F0A1-730C-4D7B-AC93-116782647031}.Debug|x64.Build.0 = Debug|Any CPU
		{2FF4F0A1-730C-4D7B-AC93-116782647031}.Release|Any CPU.ActiveCfg = Release|Any CPU
		{2FF4F0A1-730C-4D7B-AC93-116782647031}.Release|Any CPU.Build.0 = Release|Any CPU
		{2FF4F0A1-730C-4D7B-AC93-116782647031}.Release|x64.ActiveCfg = Release|Any CPU
		{2FF4F0A1-730C-4D7B-AC93-116782647031}.Release|x64.Build.0 = Release|Any CPU
		{BE437B8D-6468-4197-828A-BE57405F3F87}.Debug|Any CPU.ActiveCfg = Debug|Any CPU
		{BE437B8D-6468-4197-828A-BE57405F3F87}.Debug|Any CPU.Build.0 = Debug|Any CPU
		{BE437B8D-6468-4197-828A-BE57405F3F87}.Debug|x64.ActiveCfg = Debug|Any CPU
		{BE437B8D-6468-4197-828A-BE57405F3F87}.Debug|x64.Build.0 = Debug|Any CPU
		{BE437B8D-6468-4197-828A-BE57405F3F87}.Release|Any CPU.ActiveCfg = Release|Any CPU
		{BE437B8D-6468-4197-828A-BE57405F3F87}.Release|Any CPU.Build.0 = Release|Any CPU
		{BE437B8D-6468-4197-828A-BE57405F3F87}.Release|x64.ActiveCfg = Release|Any CPU
		{BE437B8D-6468-4197-828A-BE57405F3F87}.Release|x64.Build.0 = Release|Any CPU
		{79EDEC05-1B36-4631-8F2A-92F180957469}.Debug|Any CPU.ActiveCfg = Debug|Any CPU
		{79EDEC05-1B36-4631-8F2A-92F180957469}.Debug|Any CPU.Build.0 = Debug|Any CPU
		{79EDEC05-1B36-4631-8F2A-92F180957469}.Debug|x64.ActiveCfg = Debug|Any CPU
		{79EDEC05-1B36-4631-8F2A-92F180957469}.Debug|x64.Build.0 = Debug|Any CPU
		{79EDEC05-1B36-4631-8F2A-92F180957469}.Release|Any CPU.ActiveCfg = Release|Any CPU
		{79EDEC05-1B36-4631-8F2A-92F180957469}.Release|Any CPU.Build.0 = Release|Any CPU
		{79EDEC05-1B36-4631-8F2A-92F180957469}.Release|x64.ActiveCfg = Release|Any CPU
		{79EDEC05-1B36-4631-8F2A-92F180957469}.Release|x64.Build.0 = Release|Any CPU
		{DC9531CC-3B9A-472E-8499-F618E13F2978}.Debug|Any CPU.ActiveCfg = Debug|Any CPU
		{DC9531CC-3B9A-472E-8499-F618E13F2978}.Debug|Any CPU.Build.0 = Debug|Any CPU
		{DC9531CC-3B9A-472E-8499-F618E13F2978}.Debug|x64.ActiveCfg = Debug|Any CPU
		{DC9531CC-3B9A-472E-8499-F618E13F2978}.Debug|x64.Build.0 = Debug|Any CPU
		{DC9531CC-3B9A-472E-8499-F618E13F2978}.Release|Any CPU.ActiveCfg = Release|Any CPU
		{DC9531CC-3B9A-472E-8499-F618E13F2978}.Release|Any CPU.Build.0 = Release|Any CPU
		{DC9531CC-3B9A-472E-8499-F618E13F2978}.Release|x64.ActiveCfg = Release|Any CPU
		{DC9531CC-3B9A-472E-8499-F618E13F2978}.Release|x64.Build.0 = Release|Any CPU
		{7FB6102E-234C-4C9B-AB3E-3710053776B9}.Debug|Any CPU.ActiveCfg = Debug|Any CPU
		{7FB6102E-234C-4C9B-AB3E-3710053776B9}.Debug|Any CPU.Build.0 = Debug|Any CPU
		{7FB6102E-234C-4C9B-AB3E-3710053776B9}.Debug|x64.ActiveCfg = Debug|Any CPU
		{7FB6102E-234C-4C9B-AB3E-3710053776B9}.Debug|x64.Build.0 = Debug|Any CPU
		{7FB6102E-234C-4C9B-AB3E-3710053776B9}.Release|Any CPU.ActiveCfg = Release|Any CPU
		{7FB6102E-234C-4C9B-AB3E-3710053776B9}.Release|Any CPU.Build.0 = Release|Any CPU
		{7FB6102E-234C-4C9B-AB3E-3710053776B9}.Release|x64.ActiveCfg = Release|Any CPU
		{7FB6102E-234C-4C9B-AB3E-3710053776B9}.Release|x64.Build.0 = Release|Any CPU
		{4464DB22-56B7-4C37-B42E-97314DA6242B}.Debug|Any CPU.ActiveCfg = Debug|Any CPU
		{4464DB22-56B7-4C37-B42E-97314DA6242B}.Debug|Any CPU.Build.0 = Debug|Any CPU
		{4464DB22-56B7-4C37-B42E-97314DA6242B}.Debug|x64.ActiveCfg = Debug|Any CPU
		{4464DB22-56B7-4C37-B42E-97314DA6242B}.Debug|x64.Build.0 = Debug|Any CPU
		{4464DB22-56B7-4C37-B42E-97314DA6242B}.Release|Any CPU.ActiveCfg = Release|Any CPU
		{4464DB22-56B7-4C37-B42E-97314DA6242B}.Release|Any CPU.Build.0 = Release|Any CPU
		{4464DB22-56B7-4C37-B42E-97314DA6242B}.Release|x64.ActiveCfg = Release|Any CPU
		{4464DB22-56B7-4C37-B42E-97314DA6242B}.Release|x64.Build.0 = Release|Any CPU
		{014B8DF1-AC84-4188-AAF4-3AC94B5665AF}.Debug|Any CPU.ActiveCfg = Debug|Any CPU
		{014B8DF1-AC84-4188-AAF4-3AC94B5665AF}.Debug|Any CPU.Build.0 = Debug|Any CPU
		{014B8DF1-AC84-4188-AAF4-3AC94B5665AF}.Debug|x64.ActiveCfg = Debug|Any CPU
		{014B8DF1-AC84-4188-AAF4-3AC94B5665AF}.Debug|x64.Build.0 = Debug|Any CPU
		{014B8DF1-AC84-4188-AAF4-3AC94B5665AF}.Release|Any CPU.ActiveCfg = Release|Any CPU
		{014B8DF1-AC84-4188-AAF4-3AC94B5665AF}.Release|Any CPU.Build.0 = Release|Any CPU
		{014B8DF1-AC84-4188-AAF4-3AC94B5665AF}.Release|x64.ActiveCfg = Release|Any CPU
		{014B8DF1-AC84-4188-AAF4-3AC94B5665AF}.Release|x64.Build.0 = Release|Any CPU
		{511A89CD-646D-4C2A-9365-66353E1DFB3F}.Debug|Any CPU.ActiveCfg = Debug|Any CPU
		{511A89CD-646D-4C2A-9365-66353E1DFB3F}.Debug|Any CPU.Build.0 = Debug|Any CPU
		{511A89CD-646D-4C2A-9365-66353E1DFB3F}.Debug|x64.ActiveCfg = Debug|Any CPU
		{511A89CD-646D-4C2A-9365-66353E1DFB3F}.Debug|x64.Build.0 = Debug|Any CPU
		{511A89CD-646D-4C2A-9365-66353E1DFB3F}.Release|Any CPU.ActiveCfg = Release|Any CPU
		{511A89CD-646D-4C2A-9365-66353E1DFB3F}.Release|Any CPU.Build.0 = Release|Any CPU
		{511A89CD-646D-4C2A-9365-66353E1DFB3F}.Release|x64.ActiveCfg = Release|Any CPU
		{511A89CD-646D-4C2A-9365-66353E1DFB3F}.Release|x64.Build.0 = Release|Any CPU
		{802095BD-F3EA-46D1-B22C-6ADD338DCAED}.Debug|Any CPU.ActiveCfg = Debug|Any CPU
		{802095BD-F3EA-46D1-B22C-6ADD338DCAED}.Debug|Any CPU.Build.0 = Debug|Any CPU
		{802095BD-F3EA-46D1-B22C-6ADD338DCAED}.Debug|x64.ActiveCfg = Debug|Any CPU
		{802095BD-F3EA-46D1-B22C-6ADD338DCAED}.Debug|x64.Build.0 = Debug|Any CPU
		{802095BD-F3EA-46D1-B22C-6ADD338DCAED}.Release|Any CPU.ActiveCfg = Release|Any CPU
		{802095BD-F3EA-46D1-B22C-6ADD338DCAED}.Release|Any CPU.Build.0 = Release|Any CPU
		{802095BD-F3EA-46D1-B22C-6ADD338DCAED}.Release|x64.ActiveCfg = Release|Any CPU
		{802095BD-F3EA-46D1-B22C-6ADD338DCAED}.Release|x64.Build.0 = Release|Any CPU
		{B25E5363-3345-47FB-80DF-382C8195A912}.Debug|Any CPU.ActiveCfg = Debug|Any CPU
		{B25E5363-3345-47FB-80DF-382C8195A912}.Debug|Any CPU.Build.0 = Debug|Any CPU
		{B25E5363-3345-47FB-80DF-382C8195A912}.Debug|x64.ActiveCfg = Debug|Any CPU
		{B25E5363-3345-47FB-80DF-382C8195A912}.Debug|x64.Build.0 = Debug|Any CPU
		{B25E5363-3345-47FB-80DF-382C8195A912}.Release|Any CPU.ActiveCfg = Release|Any CPU
		{B25E5363-3345-47FB-80DF-382C8195A912}.Release|Any CPU.Build.0 = Release|Any CPU
		{B25E5363-3345-47FB-80DF-382C8195A912}.Release|x64.ActiveCfg = Release|Any CPU
		{B25E5363-3345-47FB-80DF-382C8195A912}.Release|x64.Build.0 = Release|Any CPU
		{0812E3F9-EF02-4A9E-9914-BCEECF80425F}.Debug|Any CPU.ActiveCfg = Debug|Any CPU
		{0812E3F9-EF02-4A9E-9914-BCEECF80425F}.Debug|Any CPU.Build.0 = Debug|Any CPU
		{0812E3F9-EF02-4A9E-9914-BCEECF80425F}.Debug|x64.ActiveCfg = Debug|Any CPU
		{0812E3F9-EF02-4A9E-9914-BCEECF80425F}.Debug|x64.Build.0 = Debug|Any CPU
		{0812E3F9-EF02-4A9E-9914-BCEECF80425F}.Release|Any CPU.ActiveCfg = Release|Any CPU
		{0812E3F9-EF02-4A9E-9914-BCEECF80425F}.Release|Any CPU.Build.0 = Release|Any CPU
		{0812E3F9-EF02-4A9E-9914-BCEECF80425F}.Release|x64.ActiveCfg = Release|Any CPU
		{0812E3F9-EF02-4A9E-9914-BCEECF80425F}.Release|x64.Build.0 = Release|Any CPU
		{DE93DD26-A752-4AB2-A903-EE5C374D48B5}.Debug|Any CPU.ActiveCfg = Debug|Any CPU
		{DE93DD26-A752-4AB2-A903-EE5C374D48B5}.Debug|Any CPU.Build.0 = Debug|Any CPU
		{DE93DD26-A752-4AB2-A903-EE5C374D48B5}.Debug|x64.ActiveCfg = Debug|Any CPU
		{DE93DD26-A752-4AB2-A903-EE5C374D48B5}.Debug|x64.Build.0 = Debug|Any CPU
		{DE93DD26-A752-4AB2-A903-EE5C374D48B5}.Release|Any CPU.ActiveCfg = Release|Any CPU
		{DE93DD26-A752-4AB2-A903-EE5C374D48B5}.Release|Any CPU.Build.0 = Release|Any CPU
		{DE93DD26-A752-4AB2-A903-EE5C374D48B5}.Release|x64.ActiveCfg = Release|Any CPU
		{DE93DD26-A752-4AB2-A903-EE5C374D48B5}.Release|x64.Build.0 = Release|Any CPU
		{BA58CA5C-62E4-43FF-A756-CA8226F51AD6}.Debug|Any CPU.ActiveCfg = Debug|Any CPU
		{BA58CA5C-62E4-43FF-A756-CA8226F51AD6}.Debug|Any CPU.Build.0 = Debug|Any CPU
		{BA58CA5C-62E4-43FF-A756-CA8226F51AD6}.Debug|x64.ActiveCfg = Debug|Any CPU
		{BA58CA5C-62E4-43FF-A756-CA8226F51AD6}.Debug|x64.Build.0 = Debug|Any CPU
		{BA58CA5C-62E4-43FF-A756-CA8226F51AD6}.Release|Any CPU.ActiveCfg = Release|Any CPU
		{BA58CA5C-62E4-43FF-A756-CA8226F51AD6}.Release|Any CPU.Build.0 = Release|Any CPU
		{BA58CA5C-62E4-43FF-A756-CA8226F51AD6}.Release|x64.ActiveCfg = Release|Any CPU
		{BA58CA5C-62E4-43FF-A756-CA8226F51AD6}.Release|x64.Build.0 = Release|Any CPU
		{E86A33F2-E079-4F02-B8D9-99F0219AA2EA}.Debug|Any CPU.ActiveCfg = Debug|Any CPU
		{E86A33F2-E079-4F02-B8D9-99F0219AA2EA}.Debug|Any CPU.Build.0 = Debug|Any CPU
		{E86A33F2-E079-4F02-B8D9-99F0219AA2EA}.Debug|x64.ActiveCfg = Debug|Any CPU
		{E86A33F2-E079-4F02-B8D9-99F0219AA2EA}.Debug|x64.Build.0 = Debug|Any CPU
		{E86A33F2-E079-4F02-B8D9-99F0219AA2EA}.Release|Any CPU.ActiveCfg = Release|Any CPU
		{E86A33F2-E079-4F02-B8D9-99F0219AA2EA}.Release|Any CPU.Build.0 = Release|Any CPU
		{E86A33F2-E079-4F02-B8D9-99F0219AA2EA}.Release|x64.ActiveCfg = Release|Any CPU
		{E86A33F2-E079-4F02-B8D9-99F0219AA2EA}.Release|x64.Build.0 = Release|Any CPU
		{BFEFC944-1E14-452E-A712-FFCF31B4BDF6}.Debug|Any CPU.ActiveCfg = Debug|Any CPU
		{BFEFC944-1E14-452E-A712-FFCF31B4BDF6}.Debug|Any CPU.Build.0 = Debug|Any CPU
		{BFEFC944-1E14-452E-A712-FFCF31B4BDF6}.Debug|x64.ActiveCfg = Debug|Any CPU
		{BFEFC944-1E14-452E-A712-FFCF31B4BDF6}.Debug|x64.Build.0 = Debug|Any CPU
		{BFEFC944-1E14-452E-A712-FFCF31B4BDF6}.Release|Any CPU.ActiveCfg = Release|Any CPU
		{BFEFC944-1E14-452E-A712-FFCF31B4BDF6}.Release|Any CPU.Build.0 = Release|Any CPU
		{BFEFC944-1E14-452E-A712-FFCF31B4BDF6}.Release|x64.ActiveCfg = Release|Any CPU
		{BFEFC944-1E14-452E-A712-FFCF31B4BDF6}.Release|x64.Build.0 = Release|Any CPU
		{16CCBA5A-4176-4E38-B666-C262C71A887F}.Debug|Any CPU.ActiveCfg = Debug|Any CPU
		{16CCBA5A-4176-4E38-B666-C262C71A887F}.Debug|Any CPU.Build.0 = Debug|Any CPU
		{16CCBA5A-4176-4E38-B666-C262C71A887F}.Debug|x64.ActiveCfg = Debug|Any CPU
		{16CCBA5A-4176-4E38-B666-C262C71A887F}.Debug|x64.Build.0 = Debug|Any CPU
		{16CCBA5A-4176-4E38-B666-C262C71A887F}.Release|Any CPU.ActiveCfg = Release|Any CPU
		{16CCBA5A-4176-4E38-B666-C262C71A887F}.Release|Any CPU.Build.0 = Release|Any CPU
		{16CCBA5A-4176-4E38-B666-C262C71A887F}.Release|x64.ActiveCfg = Release|Any CPU
		{16CCBA5A-4176-4E38-B666-C262C71A887F}.Release|x64.Build.0 = Release|Any CPU
		{1F8C9B9E-A569-44F5-B2CE-7EE83BE90AD1}.Debug|Any CPU.ActiveCfg = Debug|Any CPU
		{1F8C9B9E-A569-44F5-B2CE-7EE83BE90AD1}.Debug|Any CPU.Build.0 = Debug|Any CPU
		{1F8C9B9E-A569-44F5-B2CE-7EE83BE90AD1}.Debug|x64.ActiveCfg = Debug|Any CPU
		{1F8C9B9E-A569-44F5-B2CE-7EE83BE90AD1}.Debug|x64.Build.0 = Debug|Any CPU
		{1F8C9B9E-A569-44F5-B2CE-7EE83BE90AD1}.Release|Any CPU.ActiveCfg = Release|Any CPU
		{1F8C9B9E-A569-44F5-B2CE-7EE83BE90AD1}.Release|Any CPU.Build.0 = Release|Any CPU
		{1F8C9B9E-A569-44F5-B2CE-7EE83BE90AD1}.Release|x64.ActiveCfg = Release|Any CPU
		{1F8C9B9E-A569-44F5-B2CE-7EE83BE90AD1}.Release|x64.Build.0 = Release|Any CPU
		{F745AF89-17A7-4828-B47F-BDF3F36FCB82}.Debug|Any CPU.ActiveCfg = Debug|Any CPU
		{F745AF89-17A7-4828-B47F-BDF3F36FCB82}.Debug|Any CPU.Build.0 = Debug|Any CPU
		{F745AF89-17A7-4828-B47F-BDF3F36FCB82}.Debug|x64.ActiveCfg = Debug|Any CPU
		{F745AF89-17A7-4828-B47F-BDF3F36FCB82}.Debug|x64.Build.0 = Debug|Any CPU
		{F745AF89-17A7-4828-B47F-BDF3F36FCB82}.Release|Any CPU.ActiveCfg = Release|Any CPU
		{F745AF89-17A7-4828-B47F-BDF3F36FCB82}.Release|Any CPU.Build.0 = Release|Any CPU
		{F745AF89-17A7-4828-B47F-BDF3F36FCB82}.Release|x64.ActiveCfg = Release|Any CPU
		{F745AF89-17A7-4828-B47F-BDF3F36FCB82}.Release|x64.Build.0 = Release|Any CPU
		{1515F702-7F4F-4B8A-B8F8-EFF320F8C1D8}.Debug|Any CPU.ActiveCfg = Debug|Any CPU
		{1515F702-7F4F-4B8A-B8F8-EFF320F8C1D8}.Debug|Any CPU.Build.0 = Debug|Any CPU
		{1515F702-7F4F-4B8A-B8F8-EFF320F8C1D8}.Debug|x64.ActiveCfg = Debug|Any CPU
		{1515F702-7F4F-4B8A-B8F8-EFF320F8C1D8}.Debug|x64.Build.0 = Debug|Any CPU
		{1515F702-7F4F-4B8A-B8F8-EFF320F8C1D8}.Release|Any CPU.ActiveCfg = Release|Any CPU
		{1515F702-7F4F-4B8A-B8F8-EFF320F8C1D8}.Release|Any CPU.Build.0 = Release|Any CPU
		{1515F702-7F4F-4B8A-B8F8-EFF320F8C1D8}.Release|x64.ActiveCfg = Release|Any CPU
		{1515F702-7F4F-4B8A-B8F8-EFF320F8C1D8}.Release|x64.Build.0 = Release|Any CPU
		{0066C906-FEFE-41A8-BC72-39779BDA66A1}.Debug|Any CPU.ActiveCfg = Debug|Any CPU
		{0066C906-FEFE-41A8-BC72-39779BDA66A1}.Debug|Any CPU.Build.0 = Debug|Any CPU
		{0066C906-FEFE-41A8-BC72-39779BDA66A1}.Debug|x64.ActiveCfg = Debug|Any CPU
		{0066C906-FEFE-41A8-BC72-39779BDA66A1}.Debug|x64.Build.0 = Debug|Any CPU
		{0066C906-FEFE-41A8-BC72-39779BDA66A1}.Release|Any CPU.ActiveCfg = Release|Any CPU
		{0066C906-FEFE-41A8-BC72-39779BDA66A1}.Release|Any CPU.Build.0 = Release|Any CPU
		{0066C906-FEFE-41A8-BC72-39779BDA66A1}.Release|x64.ActiveCfg = Release|Any CPU
		{0066C906-FEFE-41A8-BC72-39779BDA66A1}.Release|x64.Build.0 = Release|Any CPU
		{27943339-2A02-49F0-8AA3-C7B2B32A4B86}.Debug|Any CPU.ActiveCfg = Debug|Any CPU
		{27943339-2A02-49F0-8AA3-C7B2B32A4B86}.Debug|Any CPU.Build.0 = Debug|Any CPU
		{27943339-2A02-49F0-8AA3-C7B2B32A4B86}.Debug|x64.ActiveCfg = Debug|Any CPU
		{27943339-2A02-49F0-8AA3-C7B2B32A4B86}.Debug|x64.Build.0 = Debug|Any CPU
		{27943339-2A02-49F0-8AA3-C7B2B32A4B86}.Release|Any CPU.ActiveCfg = Release|Any CPU
		{27943339-2A02-49F0-8AA3-C7B2B32A4B86}.Release|Any CPU.Build.0 = Release|Any CPU
		{27943339-2A02-49F0-8AA3-C7B2B32A4B86}.Release|x64.ActiveCfg = Release|Any CPU
		{27943339-2A02-49F0-8AA3-C7B2B32A4B86}.Release|x64.Build.0 = Release|Any CPU
	EndGlobalSection
	GlobalSection(SolutionProperties) = preSolution
		HideSolutionNode = FALSE
	EndGlobalSection
	GlobalSection(NestedProjects) = preSolution
		{10658BFF-0BAD-4C06-B5AF-69C41D773E59} = {B5FEFD8F-4BDB-4870-BAAB-7668F18F263D}
		{D556869E-0BD1-456C-9A69-ED7ACF638457} = {B5FEFD8F-4BDB-4870-BAAB-7668F18F263D}
		{29928404-BDDE-4E4C-93C6-A426C5D35FB4} = {B5FEFD8F-4BDB-4870-BAAB-7668F18F263D}
		{E965AA12-242A-41CB-AD8C-D90E06110F3D} = {B5FEFD8F-4BDB-4870-BAAB-7668F18F263D}
		{B25E5363-3345-47FB-80DF-382C8195A912} = {B5FEFD8F-4BDB-4870-BAAB-7668F18F263D}
		{F745AF89-17A7-4828-B47F-BDF3F36FCB82} = {B5FEFD8F-4BDB-4870-BAAB-7668F18F263D}
	EndGlobalSection
	GlobalSection(ExtensibilityGlobals) = postSolution
		SolutionGuid = {F715962D-939D-4876-9098-F8AABE4C0AFC}
	EndGlobalSection
EndGlobal
